// !$*UTF8*$!
{
	archiveVersion = 1;
	classes = {
	};
	objectVersion = 55;
	objects = {

/* Begin PBXBuildFile section */
		44E66C87376FB2B3A73FAE7B /* Pods_BefamilyAppStore.framework in Frameworks */ = {isa = PBXBuildFile; fileRef = 2E0AB42286546B483890220F /* Pods_BefamilyAppStore.framework */; };
		D20D2E7F28A0BB320001B2D3 /* DateConverter.swift in Sources */ = {isa = PBXBuildFile; fileRef = D20D2E7E28A0BB320001B2D3 /* DateConverter.swift */; };
		D2772A17289F71B300CDC77F /* NewFeatureView.swift in Sources */ = {isa = PBXBuildFile; fileRef = D2772A16289F71B300CDC77F /* NewFeatureView.swift */; };
		D2772A19289F8AD300CDC77F /* CALayer +.swift in Sources */ = {isa = PBXBuildFile; fileRef = D2772A18289F8AD300CDC77F /* CALayer +.swift */; };
		D2772A1B289F8EEC00CDC77F /* ScreenshotCell.swift in Sources */ = {isa = PBXBuildFile; fileRef = D2772A1A289F8EEC00CDC77F /* ScreenshotCell.swift */; };
		D2772A1D289F93D700CDC77F /* ImageCacheService.swift in Sources */ = {isa = PBXBuildFile; fileRef = D2772A1C289F93D700CDC77F /* ImageCacheService.swift */; };
		D2772A21289FA61600CDC77F /* ScreenshotView.swift in Sources */ = {isa = PBXBuildFile; fileRef = D2772A20289FA61600CDC77F /* ScreenshotView.swift */; };
		D2772A23289FAB9D00CDC77F /* DescriptionView.swift in Sources */ = {isa = PBXBuildFile; fileRef = D2772A22289FAB9D00CDC77F /* DescriptionView.swift */; };
		D2772A28289FE55300CDC77F /* InformationCell.swift in Sources */ = {isa = PBXBuildFile; fileRef = D2772A27289FE55300CDC77F /* InformationCell.swift */; };
		D2772A2A289FE7B800CDC77F /* SubDescriptionSection.swift in Sources */ = {isa = PBXBuildFile; fileRef = D2772A29289FE7B800CDC77F /* SubDescriptionSection.swift */; };
		D2772A2C289FE8B800CDC77F /* InfomationSection.swift in Sources */ = {isa = PBXBuildFile; fileRef = D2772A2B289FE8B800CDC77F /* InfomationSection.swift */; };
		D2772A2E289FED1800CDC77F /* TableViewDatasource.swift in Sources */ = {isa = PBXBuildFile; fileRef = D2772A2D289FED1800CDC77F /* TableViewDatasource.swift */; };
		D2772A30289FF1FE00CDC77F /* InfomationView.swift in Sources */ = {isa = PBXBuildFile; fileRef = D2772A2F289FF1FE00CDC77F /* InfomationView.swift */; };
		D27E667B289E351300C2FDB4 /* AppDelegate.swift in Sources */ = {isa = PBXBuildFile; fileRef = D27E667A289E351300C2FDB4 /* AppDelegate.swift */; };
		D27E667D289E351300C2FDB4 /* SceneDelegate.swift in Sources */ = {isa = PBXBuildFile; fileRef = D27E667C289E351300C2FDB4 /* SceneDelegate.swift */; };
		D27E667F289E351300C2FDB4 /* MainViewController.swift in Sources */ = {isa = PBXBuildFile; fileRef = D27E667E289E351300C2FDB4 /* MainViewController.swift */; };
		D27E6684289E351300C2FDB4 /* Assets.xcassets in Resources */ = {isa = PBXBuildFile; fileRef = D27E6683289E351300C2FDB4 /* Assets.xcassets */; };
		D27E6687289E351300C2FDB4 /* LaunchScreen.storyboard in Resources */ = {isa = PBXBuildFile; fileRef = D27E6685289E351300C2FDB4 /* LaunchScreen.storyboard */; };
		D27E6695289E3DC800C2FDB4 /* EndPoint.swift in Sources */ = {isa = PBXBuildFile; fileRef = D27E6694289E3DC800C2FDB4 /* EndPoint.swift */; };
		D27E6698289E3DE400C2FDB4 /* EndPointable.swift in Sources */ = {isa = PBXBuildFile; fileRef = D27E6697289E3DE400C2FDB4 /* EndPointable.swift */; };
		D27E669C289E3E0900C2FDB4 /* HTTPMethod.swift in Sources */ = {isa = PBXBuildFile; fileRef = D27E669B289E3E0900C2FDB4 /* HTTPMethod.swift */; };
		D27E669F289E40CB00C2FDB4 /* NetworkService.swift in Sources */ = {isa = PBXBuildFile; fileRef = D27E669E289E40CB00C2FDB4 /* NetworkService.swift */; };
		D27E66A1289E415500C2FDB4 /* NetworkError.swift in Sources */ = {isa = PBXBuildFile; fileRef = D27E66A0289E415500C2FDB4 /* NetworkError.swift */; };
		D27E66A4289E44BC00C2FDB4 /* NetworkServiceable.swift in Sources */ = {isa = PBXBuildFile; fileRef = D27E66A3289E44BC00C2FDB4 /* NetworkServiceable.swift */; };
		D27E66A7289E452600C2FDB4 /* MainPageDTO.swift in Sources */ = {isa = PBXBuildFile; fileRef = D27E66A6289E452600C2FDB4 /* MainPageDTO.swift */; };
		D27E66A9289E4FE700C2FDB4 /* PagesArrayDTO.swift in Sources */ = {isa = PBXBuildFile; fileRef = D27E66A8289E4FE700C2FDB4 /* PagesArrayDTO.swift */; };
		D27E66AC289E50D200C2FDB4 /* ViewDefaultMainPageRepository.swift in Sources */ = {isa = PBXBuildFile; fileRef = D27E66AB289E50D200C2FDB4 /* ViewDefaultMainPageRepository.swift */; };
		D27E66B0289E521800C2FDB4 /* DataError.swift in Sources */ = {isa = PBXBuildFile; fileRef = D27E66AF289E521800C2FDB4 /* DataError.swift */; };
		D27E66B2289E528A00C2FDB4 /* ExtraError.swift in Sources */ = {isa = PBXBuildFile; fileRef = D27E66B1289E528A00C2FDB4 /* ExtraError.swift */; };
		D27E66B4289E535500C2FDB4 /* JSONConverter.swift in Sources */ = {isa = PBXBuildFile; fileRef = D27E66B3289E535500C2FDB4 /* JSONConverter.swift */; };
		D27E66B7289E54E200C2FDB4 /* ViewMainPageRepository.swift in Sources */ = {isa = PBXBuildFile; fileRef = D27E66B6289E54E200C2FDB4 /* ViewMainPageRepository.swift */; };
		D27E66BB289E578F00C2FDB4 /* MainPageEntity.swift in Sources */ = {isa = PBXBuildFile; fileRef = D27E66BA289E578F00C2FDB4 /* MainPageEntity.swift */; };
		D27E66BE289E5DAD00C2FDB4 /* ViewDefaultMainPageUsecase.swift in Sources */ = {isa = PBXBuildFile; fileRef = D27E66BD289E5DAD00C2FDB4 /* ViewDefaultMainPageUsecase.swift */; };
		D27E66C1289E696D00C2FDB4 /* NavigationTitleEntity.swift in Sources */ = {isa = PBXBuildFile; fileRef = D27E66C0289E696D00C2FDB4 /* NavigationTitleEntity.swift */; };
		D27E66C3289E69CC00C2FDB4 /* MainTitleEntity.swift in Sources */ = {isa = PBXBuildFile; fileRef = D27E66C2289E69CC00C2FDB4 /* MainTitleEntity.swift */; };
		D27E66C5289E6A5300C2FDB4 /* SubDescriptionEntity.swift in Sources */ = {isa = PBXBuildFile; fileRef = D27E66C4289E6A5300C2FDB4 /* SubDescriptionEntity.swift */; };
		D27E66C7289E6B1E00C2FDB4 /* NewFeatureEntity.swift in Sources */ = {isa = PBXBuildFile; fileRef = D27E66C6289E6B1E00C2FDB4 /* NewFeatureEntity.swift */; };
		D27E66C9289E6B3800C2FDB4 /* ScreenshotEntity.swift in Sources */ = {isa = PBXBuildFile; fileRef = D27E66C8289E6B3800C2FDB4 /* ScreenshotEntity.swift */; };
		D27E66CB289E6B6900C2FDB4 /* DescriptionEntity.swift in Sources */ = {isa = PBXBuildFile; fileRef = D27E66CA289E6B6900C2FDB4 /* DescriptionEntity.swift */; };
		D27E66CD289E6BB500C2FDB4 /* InfomationEntity.swift in Sources */ = {isa = PBXBuildFile; fileRef = D27E66CC289E6BB500C2FDB4 /* InfomationEntity.swift */; };
		D27E66D2289E8D8800C2FDB4 /* ViewMainPageUsecase.swift in Sources */ = {isa = PBXBuildFile; fileRef = D27E66D1289E8D8800C2FDB4 /* ViewMainPageUsecase.swift */; };
		D27E66D5289E8ECF00C2FDB4 /* MainViewModel.swift in Sources */ = {isa = PBXBuildFile; fileRef = D27E66D4289E8ECF00C2FDB4 /* MainViewModel.swift */; };
		D27E66D7289EA0E700C2FDB4 /* MainTitleView.swift in Sources */ = {isa = PBXBuildFile; fileRef = D27E66D6289EA0E700C2FDB4 /* MainTitleView.swift */; };
		D27E66DA289EA3B700C2FDB4 /* UIView +.swift in Sources */ = {isa = PBXBuildFile; fileRef = D27E66D9289EA3B700C2FDB4 /* UIView +.swift */; };
		D27E66DC289EB65300C2FDB4 /* UIStackView +.swift in Sources */ = {isa = PBXBuildFile; fileRef = D27E66DB289EB65300C2FDB4 /* UIStackView +.swift */; };
		D27E66DF289ECF5200C2FDB4 /* SubDescriptionCell.swift in Sources */ = {isa = PBXBuildFile; fileRef = D27E66DE289ECF5200C2FDB4 /* SubDescriptionCell.swift */; };
		D27E66E1289EE11B00C2FDB4 /* CollectionViewDatasource.swift in Sources */ = {isa = PBXBuildFile; fileRef = D27E66E0289EE11B00C2FDB4 /* CollectionViewDatasource.swift */; };
/* End PBXBuildFile section */

/* Begin PBXFileReference section */
		028386A81C96BE08F691969D /* Pods-BefamilyAppStore.release.xcconfig */ = {isa = PBXFileReference; includeInIndex = 1; lastKnownFileType = text.xcconfig; name = "Pods-BefamilyAppStore.release.xcconfig"; path = "Target Support Files/Pods-BefamilyAppStore/Pods-BefamilyAppStore.release.xcconfig"; sourceTree = "<group>"; };
		2E0AB42286546B483890220F /* Pods_BefamilyAppStore.framework */ = {isa = PBXFileReference; explicitFileType = wrapper.framework; includeInIndex = 0; path = Pods_BefamilyAppStore.framework; sourceTree = BUILT_PRODUCTS_DIR; };
		C2DB2240B9A7F501B9322CDE /* Pods-BefamilyAppStore.debug.xcconfig */ = {isa = PBXFileReference; includeInIndex = 1; lastKnownFileType = text.xcconfig; name = "Pods-BefamilyAppStore.debug.xcconfig"; path = "Target Support Files/Pods-BefamilyAppStore/Pods-BefamilyAppStore.debug.xcconfig"; sourceTree = "<group>"; };
		D20D2E7E28A0BB320001B2D3 /* DateConverter.swift */ = {isa = PBXFileReference; lastKnownFileType = sourcecode.swift; path = DateConverter.swift; sourceTree = "<group>"; };
		D2772A16289F71B300CDC77F /* NewFeatureView.swift */ = {isa = PBXFileReference; lastKnownFileType = sourcecode.swift; path = NewFeatureView.swift; sourceTree = "<group>"; };
		D2772A18289F8AD300CDC77F /* CALayer +.swift */ = {isa = PBXFileReference; lastKnownFileType = sourcecode.swift; path = "CALayer +.swift"; sourceTree = "<group>"; };
		D2772A1A289F8EEC00CDC77F /* ScreenshotCell.swift */ = {isa = PBXFileReference; lastKnownFileType = sourcecode.swift; path = ScreenshotCell.swift; sourceTree = "<group>"; };
		D2772A1C289F93D700CDC77F /* ImageCacheService.swift */ = {isa = PBXFileReference; lastKnownFileType = sourcecode.swift; path = ImageCacheService.swift; sourceTree = "<group>"; };
		D2772A20289FA61600CDC77F /* ScreenshotView.swift */ = {isa = PBXFileReference; lastKnownFileType = sourcecode.swift; path = ScreenshotView.swift; sourceTree = "<group>"; };
		D2772A22289FAB9D00CDC77F /* DescriptionView.swift */ = {isa = PBXFileReference; lastKnownFileType = sourcecode.swift; path = DescriptionView.swift; sourceTree = "<group>"; };
		D2772A27289FE55300CDC77F /* InformationCell.swift */ = {isa = PBXFileReference; lastKnownFileType = sourcecode.swift; path = InformationCell.swift; sourceTree = "<group>"; };
		D2772A29289FE7B800CDC77F /* SubDescriptionSection.swift */ = {isa = PBXFileReference; lastKnownFileType = sourcecode.swift; path = SubDescriptionSection.swift; sourceTree = "<group>"; };
		D2772A2B289FE8B800CDC77F /* InfomationSection.swift */ = {isa = PBXFileReference; lastKnownFileType = sourcecode.swift; path = InfomationSection.swift; sourceTree = "<group>"; };
		D2772A2D289FED1800CDC77F /* TableViewDatasource.swift */ = {isa = PBXFileReference; lastKnownFileType = sourcecode.swift; path = TableViewDatasource.swift; sourceTree = "<group>"; };
		D2772A2F289FF1FE00CDC77F /* InfomationView.swift */ = {isa = PBXFileReference; lastKnownFileType = sourcecode.swift; path = InfomationView.swift; sourceTree = "<group>"; };
		D27E6677289E351300C2FDB4 /* BefamilyAppStore.app */ = {isa = PBXFileReference; explicitFileType = wrapper.application; includeInIndex = 0; path = BefamilyAppStore.app; sourceTree = BUILT_PRODUCTS_DIR; };
		D27E667A289E351300C2FDB4 /* AppDelegate.swift */ = {isa = PBXFileReference; lastKnownFileType = sourcecode.swift; path = AppDelegate.swift; sourceTree = "<group>"; };
		D27E667C289E351300C2FDB4 /* SceneDelegate.swift */ = {isa = PBXFileReference; lastKnownFileType = sourcecode.swift; path = SceneDelegate.swift; sourceTree = "<group>"; };
		D27E667E289E351300C2FDB4 /* MainViewController.swift */ = {isa = PBXFileReference; lastKnownFileType = sourcecode.swift; path = MainViewController.swift; sourceTree = "<group>"; };
		D27E6683289E351300C2FDB4 /* Assets.xcassets */ = {isa = PBXFileReference; lastKnownFileType = folder.assetcatalog; path = Assets.xcassets; sourceTree = "<group>"; };
		D27E6686289E351300C2FDB4 /* Base */ = {isa = PBXFileReference; lastKnownFileType = file.storyboard; name = Base; path = Base.lproj/LaunchScreen.storyboard; sourceTree = "<group>"; };
		D27E6688289E351300C2FDB4 /* Info.plist */ = {isa = PBXFileReference; lastKnownFileType = text.plist.xml; path = Info.plist; sourceTree = "<group>"; };
		D27E6694289E3DC800C2FDB4 /* EndPoint.swift */ = {isa = PBXFileReference; lastKnownFileType = sourcecode.swift; path = EndPoint.swift; sourceTree = "<group>"; };
		D27E6697289E3DE400C2FDB4 /* EndPointable.swift */ = {isa = PBXFileReference; lastKnownFileType = sourcecode.swift; path = EndPointable.swift; sourceTree = "<group>"; };
		D27E669B289E3E0900C2FDB4 /* HTTPMethod.swift */ = {isa = PBXFileReference; lastKnownFileType = sourcecode.swift; path = HTTPMethod.swift; sourceTree = "<group>"; };
		D27E669E289E40CB00C2FDB4 /* NetworkService.swift */ = {isa = PBXFileReference; lastKnownFileType = sourcecode.swift; path = NetworkService.swift; sourceTree = "<group>"; };
		D27E66A0289E415500C2FDB4 /* NetworkError.swift */ = {isa = PBXFileReference; lastKnownFileType = sourcecode.swift; path = NetworkError.swift; sourceTree = "<group>"; };
		D27E66A3289E44BC00C2FDB4 /* NetworkServiceable.swift */ = {isa = PBXFileReference; lastKnownFileType = sourcecode.swift; path = NetworkServiceable.swift; sourceTree = "<group>"; };
		D27E66A6289E452600C2FDB4 /* MainPageDTO.swift */ = {isa = PBXFileReference; lastKnownFileType = sourcecode.swift; path = MainPageDTO.swift; sourceTree = "<group>"; };
		D27E66A8289E4FE700C2FDB4 /* PagesArrayDTO.swift */ = {isa = PBXFileReference; lastKnownFileType = sourcecode.swift; path = PagesArrayDTO.swift; sourceTree = "<group>"; };
		D27E66AB289E50D200C2FDB4 /* ViewDefaultMainPageRepository.swift */ = {isa = PBXFileReference; lastKnownFileType = sourcecode.swift; path = ViewDefaultMainPageRepository.swift; sourceTree = "<group>"; };
		D27E66AF289E521800C2FDB4 /* DataError.swift */ = {isa = PBXFileReference; lastKnownFileType = sourcecode.swift; path = DataError.swift; sourceTree = "<group>"; };
		D27E66B1289E528A00C2FDB4 /* ExtraError.swift */ = {isa = PBXFileReference; lastKnownFileType = sourcecode.swift; path = ExtraError.swift; sourceTree = "<group>"; };
		D27E66B3289E535500C2FDB4 /* JSONConverter.swift */ = {isa = PBXFileReference; lastKnownFileType = sourcecode.swift; path = JSONConverter.swift; sourceTree = "<group>"; };
		D27E66B6289E54E200C2FDB4 /* ViewMainPageRepository.swift */ = {isa = PBXFileReference; lastKnownFileType = sourcecode.swift; path = ViewMainPageRepository.swift; sourceTree = "<group>"; };
		D27E66BA289E578F00C2FDB4 /* MainPageEntity.swift */ = {isa = PBXFileReference; lastKnownFileType = sourcecode.swift; path = MainPageEntity.swift; sourceTree = "<group>"; };
		D27E66BD289E5DAD00C2FDB4 /* ViewDefaultMainPageUsecase.swift */ = {isa = PBXFileReference; lastKnownFileType = sourcecode.swift; path = ViewDefaultMainPageUsecase.swift; sourceTree = "<group>"; };
		D27E66C0289E696D00C2FDB4 /* NavigationTitleEntity.swift */ = {isa = PBXFileReference; lastKnownFileType = sourcecode.swift; path = NavigationTitleEntity.swift; sourceTree = "<group>"; };
		D27E66C2289E69CC00C2FDB4 /* MainTitleEntity.swift */ = {isa = PBXFileReference; lastKnownFileType = sourcecode.swift; path = MainTitleEntity.swift; sourceTree = "<group>"; };
		D27E66C4289E6A5300C2FDB4 /* SubDescriptionEntity.swift */ = {isa = PBXFileReference; lastKnownFileType = sourcecode.swift; path = SubDescriptionEntity.swift; sourceTree = "<group>"; };
		D27E66C6289E6B1E00C2FDB4 /* NewFeatureEntity.swift */ = {isa = PBXFileReference; lastKnownFileType = sourcecode.swift; path = NewFeatureEntity.swift; sourceTree = "<group>"; };
		D27E66C8289E6B3800C2FDB4 /* ScreenshotEntity.swift */ = {isa = PBXFileReference; lastKnownFileType = sourcecode.swift; path = ScreenshotEntity.swift; sourceTree = "<group>"; };
		D27E66CA289E6B6900C2FDB4 /* DescriptionEntity.swift */ = {isa = PBXFileReference; lastKnownFileType = sourcecode.swift; path = DescriptionEntity.swift; sourceTree = "<group>"; };
		D27E66CC289E6BB500C2FDB4 /* InfomationEntity.swift */ = {isa = PBXFileReference; lastKnownFileType = sourcecode.swift; path = InfomationEntity.swift; sourceTree = "<group>"; };
		D27E66D1289E8D8800C2FDB4 /* ViewMainPageUsecase.swift */ = {isa = PBXFileReference; lastKnownFileType = sourcecode.swift; path = ViewMainPageUsecase.swift; sourceTree = "<group>"; };
		D27E66D4289E8ECF00C2FDB4 /* MainViewModel.swift */ = {isa = PBXFileReference; lastKnownFileType = sourcecode.swift; path = MainViewModel.swift; sourceTree = "<group>"; };
		D27E66D6289EA0E700C2FDB4 /* MainTitleView.swift */ = {isa = PBXFileReference; lastKnownFileType = sourcecode.swift; path = MainTitleView.swift; sourceTree = "<group>"; };
		D27E66D9289EA3B700C2FDB4 /* UIView +.swift */ = {isa = PBXFileReference; lastKnownFileType = sourcecode.swift; path = "UIView +.swift"; sourceTree = "<group>"; };
		D27E66DB289EB65300C2FDB4 /* UIStackView +.swift */ = {isa = PBXFileReference; lastKnownFileType = sourcecode.swift; path = "UIStackView +.swift"; sourceTree = "<group>"; };
		D27E66DE289ECF5200C2FDB4 /* SubDescriptionCell.swift */ = {isa = PBXFileReference; lastKnownFileType = sourcecode.swift; path = SubDescriptionCell.swift; sourceTree = "<group>"; };
		D27E66E0289EE11B00C2FDB4 /* CollectionViewDatasource.swift */ = {isa = PBXFileReference; lastKnownFileType = sourcecode.swift; path = CollectionViewDatasource.swift; sourceTree = "<group>"; };
/* End PBXFileReference section */

/* Begin PBXFrameworksBuildPhase section */
		D27E6674289E351300C2FDB4 /* Frameworks */ = {
			isa = PBXFrameworksBuildPhase;
			buildActionMask = 2147483647;
			files = (
				44E66C87376FB2B3A73FAE7B /* Pods_BefamilyAppStore.framework in Frameworks */,
			);
			runOnlyForDeploymentPostprocessing = 0;
		};
/* End PBXFrameworksBuildPhase section */

/* Begin PBXGroup section */
		0C61BEA556CEFA86DC903C1E /* Pods */ = {
			isa = PBXGroup;
			children = (
				C2DB2240B9A7F501B9322CDE /* Pods-BefamilyAppStore.debug.xcconfig */,
				028386A81C96BE08F691969D /* Pods-BefamilyAppStore.release.xcconfig */,
			);
			path = Pods;
			sourceTree = "<group>";
		};
		3815E02D10BC5BCBC9C783DE /* Frameworks */ = {
			isa = PBXGroup;
			children = (
				2E0AB42286546B483890220F /* Pods_BefamilyAppStore.framework */,
			);
			name = Frameworks;
			sourceTree = "<group>";
		};
		D2772A26289FE4F200CDC77F /* TableViewCell */ = {
			isa = PBXGroup;
			children = (
				D2772A27289FE55300CDC77F /* InformationCell.swift */,
			);
			path = TableViewCell;
			sourceTree = "<group>";
		};
		D27E666E289E351300C2FDB4 = {
			isa = PBXGroup;
			children = (
				D27E6679289E351300C2FDB4 /* BefamilyAppStore */,
				D27E6678289E351300C2FDB4 /* Products */,
				0C61BEA556CEFA86DC903C1E /* Pods */,
				3815E02D10BC5BCBC9C783DE /* Frameworks */,
			);
			sourceTree = "<group>";
		};
		D27E6678289E351300C2FDB4 /* Products */ = {
			isa = PBXGroup;
			children = (
				D27E6677289E351300C2FDB4 /* BefamilyAppStore.app */,
			);
			name = Products;
			sourceTree = "<group>";
		};
		D27E6679289E351300C2FDB4 /* BefamilyAppStore */ = {
			isa = PBXGroup;
			children = (
				D27E66D8289EA3AA00C2FDB4 /* Extension */,
				D27E66AD289E51B900C2FDB4 /* Helper */,
				D27E668E289E392600C2FDB4 /* PresentationLayer */,
				D27E66B8289E577100C2FDB4 /* DomainLayer */,
				D27E6691289E3D5500C2FDB4 /* DataLayer */,
				D27E667A289E351300C2FDB4 /* AppDelegate.swift */,
				D27E667C289E351300C2FDB4 /* SceneDelegate.swift */,
				D27E6683289E351300C2FDB4 /* Assets.xcassets */,
				D27E6685289E351300C2FDB4 /* LaunchScreen.storyboard */,
				D27E6688289E351300C2FDB4 /* Info.plist */,
			);
			path = BefamilyAppStore;
			sourceTree = "<group>";
		};
		D27E668E289E392600C2FDB4 /* PresentationLayer */ = {
			isa = PBXGroup;
			children = (
				D27E668F289E393C00C2FDB4 /* MainScene */,
			);
			path = PresentationLayer;
			sourceTree = "<group>";
		};
		D27E668F289E393C00C2FDB4 /* MainScene */ = {
			isa = PBXGroup;
			children = (
				D27E66D3289E8EC300C2FDB4 /* ViewModel */,
				D27E6690289E394300C2FDB4 /* View */,
			);
			path = MainScene;
			sourceTree = "<group>";
		};
		D27E6690289E394300C2FDB4 /* View */ = {
			isa = PBXGroup;
			children = (
				D27E667E289E351300C2FDB4 /* MainViewController.swift */,
				D27E66E0289EE11B00C2FDB4 /* CollectionViewDatasource.swift */,
				D2772A2D289FED1800CDC77F /* TableViewDatasource.swift */,
				D27E66D6289EA0E700C2FDB4 /* MainTitleView.swift */,
				D2772A16289F71B300CDC77F /* NewFeatureView.swift */,
				D2772A20289FA61600CDC77F /* ScreenshotView.swift */,
				D2772A22289FAB9D00CDC77F /* DescriptionView.swift */,
				D2772A2F289FF1FE00CDC77F /* InfomationView.swift */,
				D27E66DD289ECF1700C2FDB4 /* CollectionViewCell */,
				D2772A26289FE4F200CDC77F /* TableViewCell */,
			);
			path = View;
			sourceTree = "<group>";
		};
		D27E6691289E3D5500C2FDB4 /* DataLayer */ = {
			isa = PBXGroup;
			children = (
				D27E66AA289E50C000C2FDB4 /* Repository */,
				D27E66A5289E451C00C2FDB4 /* DTO */,
				D27E6692289E3D8700C2FDB4 /* Network */,
			);
			path = DataLayer;
			sourceTree = "<group>";
		};
		D27E6692289E3D8700C2FDB4 /* Network */ = {
			isa = PBXGroup;
			children = (
				D27E6693289E3D9300C2FDB4 /* EndPoint */,
				D27E669D289E40A700C2FDB4 /* Service */,
			);
			path = Network;
			sourceTree = "<group>";
		};
		D27E6693289E3D9300C2FDB4 /* EndPoint */ = {
			isa = PBXGroup;
			children = (
				D27E6694289E3DC800C2FDB4 /* EndPoint.swift */,
				D27E6696289E3DD300C2FDB4 /* Protocol */,
			);
			path = EndPoint;
			sourceTree = "<group>";
		};
		D27E6696289E3DD300C2FDB4 /* Protocol */ = {
			isa = PBXGroup;
			children = (
				D27E6697289E3DE400C2FDB4 /* EndPointable.swift */,
			);
			path = Protocol;
			sourceTree = "<group>";
		};
		D27E669D289E40A700C2FDB4 /* Service */ = {
			isa = PBXGroup;
			children = (
				D27E669E289E40CB00C2FDB4 /* NetworkService.swift */,
				D27E66A2289E44A700C2FDB4 /* Protocol */,
			);
			path = Service;
			sourceTree = "<group>";
		};
		D27E66A2289E44A700C2FDB4 /* Protocol */ = {
			isa = PBXGroup;
			children = (
				D2772A1C289F93D700CDC77F /* ImageCacheService.swift */,
				D27E66A3289E44BC00C2FDB4 /* NetworkServiceable.swift */,
			);
			path = Protocol;
			sourceTree = "<group>";
		};
		D27E66A5289E451C00C2FDB4 /* DTO */ = {
			isa = PBXGroup;
			children = (
				D27E66A8289E4FE700C2FDB4 /* PagesArrayDTO.swift */,
				D27E66A6289E452600C2FDB4 /* MainPageDTO.swift */,
			);
			path = DTO;
			sourceTree = "<group>";
		};
		D27E66AA289E50C000C2FDB4 /* Repository */ = {
			isa = PBXGroup;
			children = (
				D27E66AB289E50D200C2FDB4 /* ViewDefaultMainPageRepository.swift */,
				D27E66B5289E54CE00C2FDB4 /* Protocol */,
			);
			path = Repository;
			sourceTree = "<group>";
		};
		D27E66AD289E51B900C2FDB4 /* Helper */ = {
			isa = PBXGroup;
			children = (
				D27E66B3289E535500C2FDB4 /* JSONConverter.swift */,
				D20D2E7E28A0BB320001B2D3 /* DateConverter.swift */,
				D27E66AE289E51C000C2FDB4 /* Discriminator */,
			);
			path = Helper;
			sourceTree = "<group>";
		};
		D27E66AE289E51C000C2FDB4 /* Discriminator */ = {
			isa = PBXGroup;
			children = (
				D27E669B289E3E0900C2FDB4 /* HTTPMethod.swift */,
				D27E66A0289E415500C2FDB4 /* NetworkError.swift */,
				D27E66AF289E521800C2FDB4 /* DataError.swift */,
				D27E66B1289E528A00C2FDB4 /* ExtraError.swift */,
				D2772A29289FE7B800CDC77F /* SubDescriptionSection.swift */,
				D2772A2B289FE8B800CDC77F /* InfomationSection.swift */,
			);
			path = Discriminator;
			sourceTree = "<group>";
		};
		D27E66B5289E54CE00C2FDB4 /* Protocol */ = {
			isa = PBXGroup;
			children = (
				D27E66B6289E54E200C2FDB4 /* ViewMainPageRepository.swift */,
			);
			path = Protocol;
			sourceTree = "<group>";
		};
		D27E66B8289E577100C2FDB4 /* DomainLayer */ = {
			isa = PBXGroup;
			children = (
				D27E66BC289E5D8B00C2FDB4 /* MainUsecase */,
				D27E66B9289E578300C2FDB4 /* Entity */,
			);
			path = DomainLayer;
			sourceTree = "<group>";
		};
		D27E66B9289E578300C2FDB4 /* Entity */ = {
			isa = PBXGroup;
			children = (
				D27E66BA289E578F00C2FDB4 /* MainPageEntity.swift */,
				D27E66BF289E692000C2FDB4 /* Subordination */,
			);
			path = Entity;
			sourceTree = "<group>";
		};
		D27E66BC289E5D8B00C2FDB4 /* MainUsecase */ = {
			isa = PBXGroup;
			children = (
				D27E66BD289E5DAD00C2FDB4 /* ViewDefaultMainPageUsecase.swift */,
				D27E66D0289E8D7700C2FDB4 /* Protocol */,
			);
			path = MainUsecase;
			sourceTree = "<group>";
		};
		D27E66BF289E692000C2FDB4 /* Subordination */ = {
			isa = PBXGroup;
			children = (
				D27E66C0289E696D00C2FDB4 /* NavigationTitleEntity.swift */,
				D27E66C2289E69CC00C2FDB4 /* MainTitleEntity.swift */,
				D27E66C4289E6A5300C2FDB4 /* SubDescriptionEntity.swift */,
				D27E66C6289E6B1E00C2FDB4 /* NewFeatureEntity.swift */,
				D27E66C8289E6B3800C2FDB4 /* ScreenshotEntity.swift */,
				D27E66CA289E6B6900C2FDB4 /* DescriptionEntity.swift */,
				D27E66CC289E6BB500C2FDB4 /* InfomationEntity.swift */,
			);
			path = Subordination;
			sourceTree = "<group>";
		};
		D27E66D0289E8D7700C2FDB4 /* Protocol */ = {
			isa = PBXGroup;
			children = (
				D27E66D1289E8D8800C2FDB4 /* ViewMainPageUsecase.swift */,
			);
			path = Protocol;
			sourceTree = "<group>";
		};
		D27E66D3289E8EC300C2FDB4 /* ViewModel */ = {
			isa = PBXGroup;
			children = (
				D27E66D4289E8ECF00C2FDB4 /* MainViewModel.swift */,
			);
			path = ViewModel;
			sourceTree = "<group>";
		};
		D27E66D8289EA3AA00C2FDB4 /* Extension */ = {
			isa = PBXGroup;
			children = (
				D27E66D9289EA3B700C2FDB4 /* UIView +.swift */,
				D27E66DB289EB65300C2FDB4 /* UIStackView +.swift */,
				D2772A18289F8AD300CDC77F /* CALayer +.swift */,
			);
			path = Extension;
			sourceTree = "<group>";
		};
		D27E66DD289ECF1700C2FDB4 /* CollectionViewCell */ = {
			isa = PBXGroup;
			children = (
				D27E66DE289ECF5200C2FDB4 /* SubDescriptionCell.swift */,
				D2772A1A289F8EEC00CDC77F /* ScreenshotCell.swift */,
			);
			path = CollectionViewCell;
			sourceTree = "<group>";
		};
/* End PBXGroup section */

/* Begin PBXNativeTarget section */
		D27E6676289E351300C2FDB4 /* BefamilyAppStore */ = {
			isa = PBXNativeTarget;
			buildConfigurationList = D27E668B289E351300C2FDB4 /* Build configuration list for PBXNativeTarget "BefamilyAppStore" */;
			buildPhases = (
				89FDC6BBB9A350E03B2AD197 /* [CP] Check Pods Manifest.lock */,
				D27E6673289E351300C2FDB4 /* Sources */,
				D27E6674289E351300C2FDB4 /* Frameworks */,
				D27E6675289E351300C2FDB4 /* Resources */,
				B6DF1F650539EFAFF001C411 /* [CP] Embed Pods Frameworks */,
			);
			buildRules = (
			);
			dependencies = (
			);
			name = BefamilyAppStore;
			productName = BefamilyAppStore;
			productReference = D27E6677289E351300C2FDB4 /* BefamilyAppStore.app */;
			productType = "com.apple.product-type.application";
		};
/* End PBXNativeTarget section */

/* Begin PBXProject section */
		D27E666F289E351300C2FDB4 /* Project object */ = {
			isa = PBXProject;
			attributes = {
				BuildIndependentTargetsInParallel = 1;
				LastSwiftUpdateCheck = 1340;
				LastUpgradeCheck = 1340;
				TargetAttributes = {
					D27E6676289E351300C2FDB4 = {
						CreatedOnToolsVersion = 13.4.1;
					};
				};
			};
			buildConfigurationList = D27E6672289E351300C2FDB4 /* Build configuration list for PBXProject "BefamilyAppStore" */;
			compatibilityVersion = "Xcode 13.0";
			developmentRegion = en;
			hasScannedForEncodings = 0;
			knownRegions = (
				en,
				Base,
			);
			mainGroup = D27E666E289E351300C2FDB4;
			productRefGroup = D27E6678289E351300C2FDB4 /* Products */;
			projectDirPath = "";
			projectRoot = "";
			targets = (
				D27E6676289E351300C2FDB4 /* BefamilyAppStore */,
			);
		};
/* End PBXProject section */

/* Begin PBXResourcesBuildPhase section */
		D27E6675289E351300C2FDB4 /* Resources */ = {
			isa = PBXResourcesBuildPhase;
			buildActionMask = 2147483647;
			files = (
				D27E6687289E351300C2FDB4 /* LaunchScreen.storyboard in Resources */,
				D27E6684289E351300C2FDB4 /* Assets.xcassets in Resources */,
			);
			runOnlyForDeploymentPostprocessing = 0;
		};
/* End PBXResourcesBuildPhase section */

/* Begin PBXShellScriptBuildPhase section */
		89FDC6BBB9A350E03B2AD197 /* [CP] Check Pods Manifest.lock */ = {
			isa = PBXShellScriptBuildPhase;
			buildActionMask = 2147483647;
			files = (
			);
			inputFileListPaths = (
			);
			inputPaths = (
				"${PODS_PODFILE_DIR_PATH}/Podfile.lock",
				"${PODS_ROOT}/Manifest.lock",
			);
			name = "[CP] Check Pods Manifest.lock";
			outputFileListPaths = (
			);
			outputPaths = (
				"$(DERIVED_FILE_DIR)/Pods-BefamilyAppStore-checkManifestLockResult.txt",
			);
			runOnlyForDeploymentPostprocessing = 0;
			shellPath = /bin/sh;
			shellScript = "diff \"${PODS_PODFILE_DIR_PATH}/Podfile.lock\" \"${PODS_ROOT}/Manifest.lock\" > /dev/null\nif [ $? != 0 ] ; then\n    # print error to STDERR\n    echo \"error: The sandbox is not in sync with the Podfile.lock. Run 'pod install' or update your CocoaPods installation.\" >&2\n    exit 1\nfi\n# This output is used by Xcode 'outputs' to avoid re-running this script phase.\necho \"SUCCESS\" > \"${SCRIPT_OUTPUT_FILE_0}\"\n";
			showEnvVarsInLog = 0;
		};
		B6DF1F650539EFAFF001C411 /* [CP] Embed Pods Frameworks */ = {
			isa = PBXShellScriptBuildPhase;
			buildActionMask = 2147483647;
			files = (
			);
			inputFileListPaths = (
				"${PODS_ROOT}/Target Support Files/Pods-BefamilyAppStore/Pods-BefamilyAppStore-frameworks-${CONFIGURATION}-input-files.xcfilelist",
			);
			name = "[CP] Embed Pods Frameworks";
			outputFileListPaths = (
				"${PODS_ROOT}/Target Support Files/Pods-BefamilyAppStore/Pods-BefamilyAppStore-frameworks-${CONFIGURATION}-output-files.xcfilelist",
			);
			runOnlyForDeploymentPostprocessing = 0;
			shellPath = /bin/sh;
			shellScript = "\"${PODS_ROOT}/Target Support Files/Pods-BefamilyAppStore/Pods-BefamilyAppStore-frameworks.sh\"\n";
			showEnvVarsInLog = 0;
		};
/* End PBXShellScriptBuildPhase section */

/* Begin PBXSourcesBuildPhase section */
		D27E6673289E351300C2FDB4 /* Sources */ = {
			isa = PBXSourcesBuildPhase;
			buildActionMask = 2147483647;
			files = (
				D27E66D2289E8D8800C2FDB4 /* ViewMainPageUsecase.swift in Sources */,
				D27E66AC289E50D200C2FDB4 /* ViewDefaultMainPageRepository.swift in Sources */,
				D27E667F289E351300C2FDB4 /* MainViewController.swift in Sources */,
				D27E66D7289EA0E700C2FDB4 /* MainTitleView.swift in Sources */,
				D20D2E7F28A0BB320001B2D3 /* DateConverter.swift in Sources */,
				D27E66A1289E415500C2FDB4 /* NetworkError.swift in Sources */,
				D2772A2A289FE7B800CDC77F /* SubDescriptionSection.swift in Sources */,
				D27E66DF289ECF5200C2FDB4 /* SubDescriptionCell.swift in Sources */,
				D27E66CD289E6BB500C2FDB4 /* InfomationEntity.swift in Sources */,
				D2772A23289FAB9D00CDC77F /* DescriptionView.swift in Sources */,
				D2772A30289FF1FE00CDC77F /* InfomationView.swift in Sources */,
				D27E66DC289EB65300C2FDB4 /* UIStackView +.swift in Sources */,
				D27E66C1289E696D00C2FDB4 /* NavigationTitleEntity.swift in Sources */,
				D2772A21289FA61600CDC77F /* ScreenshotView.swift in Sources */,
				D27E66C7289E6B1E00C2FDB4 /* NewFeatureEntity.swift in Sources */,
				D2772A28289FE55300CDC77F /* InformationCell.swift in Sources */,
				D27E667B289E351300C2FDB4 /* AppDelegate.swift in Sources */,
				D27E66E1289EE11B00C2FDB4 /* CollectionViewDatasource.swift in Sources */,
				D27E66C9289E6B3800C2FDB4 /* ScreenshotEntity.swift in Sources */,
				D2772A1B289F8EEC00CDC77F /* ScreenshotCell.swift in Sources */,
				D2772A2C289FE8B800CDC77F /* InfomationSection.swift in Sources */,
				D27E66BE289E5DAD00C2FDB4 /* ViewDefaultMainPageUsecase.swift in Sources */,
				D2772A2E289FED1800CDC77F /* TableViewDatasource.swift in Sources */,
				D27E66B7289E54E200C2FDB4 /* ViewMainPageRepository.swift in Sources */,
				D27E669C289E3E0900C2FDB4 /* HTTPMethod.swift in Sources */,
				D27E6698289E3DE400C2FDB4 /* EndPointable.swift in Sources */,
				D27E66C3289E69CC00C2FDB4 /* MainTitleEntity.swift in Sources */,
				D27E66A7289E452600C2FDB4 /* MainPageDTO.swift in Sources */,
				D27E66A4289E44BC00C2FDB4 /* NetworkServiceable.swift in Sources */,
				D27E66BB289E578F00C2FDB4 /* MainPageEntity.swift in Sources */,
				D27E66D5289E8ECF00C2FDB4 /* MainViewModel.swift in Sources */,
				D27E66A9289E4FE700C2FDB4 /* PagesArrayDTO.swift in Sources */,
				D27E66B2289E528A00C2FDB4 /* ExtraError.swift in Sources */,
				D27E66C5289E6A5300C2FDB4 /* SubDescriptionEntity.swift in Sources */,
				D2772A1D289F93D700CDC77F /* ImageCacheService.swift in Sources */,
				D27E667D289E351300C2FDB4 /* SceneDelegate.swift in Sources */,
				D2772A19289F8AD300CDC77F /* CALayer +.swift in Sources */,
				D27E6695289E3DC800C2FDB4 /* EndPoint.swift in Sources */,
				D27E66B0289E521800C2FDB4 /* DataError.swift in Sources */,
				D27E669F289E40CB00C2FDB4 /* NetworkService.swift in Sources */,
				D27E66CB289E6B6900C2FDB4 /* DescriptionEntity.swift in Sources */,
				D2772A17289F71B300CDC77F /* NewFeatureView.swift in Sources */,
				D27E66DA289EA3B700C2FDB4 /* UIView +.swift in Sources */,
				D27E66B4289E535500C2FDB4 /* JSONConverter.swift in Sources */,
			);
			runOnlyForDeploymentPostprocessing = 0;
		};
/* End PBXSourcesBuildPhase section */

/* Begin PBXVariantGroup section */
		D27E6685289E351300C2FDB4 /* LaunchScreen.storyboard */ = {
			isa = PBXVariantGroup;
			children = (
				D27E6686289E351300C2FDB4 /* Base */,
			);
			name = LaunchScreen.storyboard;
			sourceTree = "<group>";
		};
/* End PBXVariantGroup section */

/* Begin XCBuildConfiguration section */
		D27E6689289E351300C2FDB4 /* Debug */ = {
			isa = XCBuildConfiguration;
			buildSettings = {
				ALWAYS_SEARCH_USER_PATHS = NO;
				CLANG_ANALYZER_NONNULL = YES;
				CLANG_ANALYZER_NUMBER_OBJECT_CONVERSION = YES_AGGRESSIVE;
				CLANG_CXX_LANGUAGE_STANDARD = "gnu++17";
				CLANG_ENABLE_MODULES = YES;
				CLANG_ENABLE_OBJC_ARC = YES;
				CLANG_ENABLE_OBJC_WEAK = YES;
				CLANG_WARN_BLOCK_CAPTURE_AUTORELEASING = YES;
				CLANG_WARN_BOOL_CONVERSION = YES;
				CLANG_WARN_COMMA = YES;
				CLANG_WARN_CONSTANT_CONVERSION = YES;
				CLANG_WARN_DEPRECATED_OBJC_IMPLEMENTATIONS = YES;
				CLANG_WARN_DIRECT_OBJC_ISA_USAGE = YES_ERROR;
				CLANG_WARN_DOCUMENTATION_COMMENTS = YES;
				CLANG_WARN_EMPTY_BODY = YES;
				CLANG_WARN_ENUM_CONVERSION = YES;
				CLANG_WARN_INFINITE_RECURSION = YES;
				CLANG_WARN_INT_CONVERSION = YES;
				CLANG_WARN_NON_LITERAL_NULL_CONVERSION = YES;
				CLANG_WARN_OBJC_IMPLICIT_RETAIN_SELF = YES;
				CLANG_WARN_OBJC_LITERAL_CONVERSION = YES;
				CLANG_WARN_OBJC_ROOT_CLASS = YES_ERROR;
				CLANG_WARN_QUOTED_INCLUDE_IN_FRAMEWORK_HEADER = YES;
				CLANG_WARN_RANGE_LOOP_ANALYSIS = YES;
				CLANG_WARN_STRICT_PROTOTYPES = YES;
				CLANG_WARN_SUSPICIOUS_MOVE = YES;
				CLANG_WARN_UNGUARDED_AVAILABILITY = YES_AGGRESSIVE;
				CLANG_WARN_UNREACHABLE_CODE = YES;
				CLANG_WARN__DUPLICATE_METHOD_MATCH = YES;
				COPY_PHASE_STRIP = NO;
				DEBUG_INFORMATION_FORMAT = dwarf;
				ENABLE_STRICT_OBJC_MSGSEND = YES;
				ENABLE_TESTABILITY = YES;
				GCC_C_LANGUAGE_STANDARD = gnu11;
				GCC_DYNAMIC_NO_PIC = NO;
				GCC_NO_COMMON_BLOCKS = YES;
				GCC_OPTIMIZATION_LEVEL = 0;
				GCC_PREPROCESSOR_DEFINITIONS = (
					"DEBUG=1",
					"$(inherited)",
				);
				GCC_WARN_64_TO_32_BIT_CONVERSION = YES;
				GCC_WARN_ABOUT_RETURN_TYPE = YES_ERROR;
				GCC_WARN_UNDECLARED_SELECTOR = YES;
				GCC_WARN_UNINITIALIZED_AUTOS = YES_AGGRESSIVE;
				GCC_WARN_UNUSED_FUNCTION = YES;
				GCC_WARN_UNUSED_VARIABLE = YES;
				IPHONEOS_DEPLOYMENT_TARGET = 13.5;
				MTL_ENABLE_DEBUG_INFO = INCLUDE_SOURCE;
				MTL_FAST_MATH = YES;
				ONLY_ACTIVE_ARCH = YES;
				SDKROOT = iphoneos;
				SWIFT_ACTIVE_COMPILATION_CONDITIONS = DEBUG;
				SWIFT_OPTIMIZATION_LEVEL = "-Onone";
			};
			name = Debug;
		};
		D27E668A289E351300C2FDB4 /* Release */ = {
			isa = XCBuildConfiguration;
			buildSettings = {
				ALWAYS_SEARCH_USER_PATHS = NO;
				CLANG_ANALYZER_NONNULL = YES;
				CLANG_ANALYZER_NUMBER_OBJECT_CONVERSION = YES_AGGRESSIVE;
				CLANG_CXX_LANGUAGE_STANDARD = "gnu++17";
				CLANG_ENABLE_MODULES = YES;
				CLANG_ENABLE_OBJC_ARC = YES;
				CLANG_ENABLE_OBJC_WEAK = YES;
				CLANG_WARN_BLOCK_CAPTURE_AUTORELEASING = YES;
				CLANG_WARN_BOOL_CONVERSION = YES;
				CLANG_WARN_COMMA = YES;
				CLANG_WARN_CONSTANT_CONVERSION = YES;
				CLANG_WARN_DEPRECATED_OBJC_IMPLEMENTATIONS = YES;
				CLANG_WARN_DIRECT_OBJC_ISA_USAGE = YES_ERROR;
				CLANG_WARN_DOCUMENTATION_COMMENTS = YES;
				CLANG_WARN_EMPTY_BODY = YES;
				CLANG_WARN_ENUM_CONVERSION = YES;
				CLANG_WARN_INFINITE_RECURSION = YES;
				CLANG_WARN_INT_CONVERSION = YES;
				CLANG_WARN_NON_LITERAL_NULL_CONVERSION = YES;
				CLANG_WARN_OBJC_IMPLICIT_RETAIN_SELF = YES;
				CLANG_WARN_OBJC_LITERAL_CONVERSION = YES;
				CLANG_WARN_OBJC_ROOT_CLASS = YES_ERROR;
				CLANG_WARN_QUOTED_INCLUDE_IN_FRAMEWORK_HEADER = YES;
				CLANG_WARN_RANGE_LOOP_ANALYSIS = YES;
				CLANG_WARN_STRICT_PROTOTYPES = YES;
				CLANG_WARN_SUSPICIOUS_MOVE = YES;
				CLANG_WARN_UNGUARDED_AVAILABILITY = YES_AGGRESSIVE;
				CLANG_WARN_UNREACHABLE_CODE = YES;
				CLANG_WARN__DUPLICATE_METHOD_MATCH = YES;
				COPY_PHASE_STRIP = NO;
				DEBUG_INFORMATION_FORMAT = "dwarf-with-dsym";
				ENABLE_NS_ASSERTIONS = NO;
				ENABLE_STRICT_OBJC_MSGSEND = YES;
				GCC_C_LANGUAGE_STANDARD = gnu11;
				GCC_NO_COMMON_BLOCKS = YES;
				GCC_WARN_64_TO_32_BIT_CONVERSION = YES;
				GCC_WARN_ABOUT_RETURN_TYPE = YES_ERROR;
				GCC_WARN_UNDECLARED_SELECTOR = YES;
				GCC_WARN_UNINITIALIZED_AUTOS = YES_AGGRESSIVE;
				GCC_WARN_UNUSED_FUNCTION = YES;
				GCC_WARN_UNUSED_VARIABLE = YES;
				IPHONEOS_DEPLOYMENT_TARGET = 13.5;
				MTL_ENABLE_DEBUG_INFO = NO;
				MTL_FAST_MATH = YES;
				SDKROOT = iphoneos;
				SWIFT_COMPILATION_MODE = wholemodule;
				SWIFT_OPTIMIZATION_LEVEL = "-O";
				VALIDATE_PRODUCT = YES;
			};
			name = Release;
		};
		D27E668C289E351300C2FDB4 /* Debug */ = {
			isa = XCBuildConfiguration;
			baseConfigurationReference = C2DB2240B9A7F501B9322CDE /* Pods-BefamilyAppStore.debug.xcconfig */;
			buildSettings = {
				ASSETCATALOG_COMPILER_APPICON_NAME = AppIcon;
				ASSETCATALOG_COMPILER_GLOBAL_ACCENT_COLOR_NAME = AccentColor;
				CODE_SIGN_STYLE = Automatic;
				CURRENT_PROJECT_VERSION = 1;
				DEVELOPMENT_TEAM = Q646ABLXY6;
				GENERATE_INFOPLIST_FILE = YES;
				INFOPLIST_FILE = BefamilyAppStore/Info.plist;
				INFOPLIST_KEY_UIApplicationSupportsIndirectInputEvents = YES;
				INFOPLIST_KEY_UILaunchStoryboardName = LaunchScreen;
				INFOPLIST_KEY_UISupportedInterfaceOrientations_iPad = "UIInterfaceOrientationPortrait UIInterfaceOrientationPortraitUpsideDown UIInterfaceOrientationLandscapeLeft UIInterfaceOrientationLandscapeRight";
				INFOPLIST_KEY_UISupportedInterfaceOrientations_iPhone = "UIInterfaceOrientationPortrait UIInterfaceOrientationLandscapeLeft UIInterfaceOrientationLandscapeRight";
				LD_RUNPATH_SEARCH_PATHS = (
					"$(inherited)",
					"@executable_path/Frameworks",
				);
				MARKETING_VERSION = 1.0;
				PRODUCT_BUNDLE_IDENTIFIER = com.befamily.juntaek.BefamilyAppStore;
				PRODUCT_NAME = "$(TARGET_NAME)";
				SWIFT_EMIT_LOC_STRINGS = YES;
				SWIFT_VERSION = 5.0;
				TARGETED_DEVICE_FAMILY = "1,2";
			};
			name = Debug;
		};
		D27E668D289E351300C2FDB4 /* Release */ = {
			isa = XCBuildConfiguration;
			baseConfigurationReference = 028386A81C96BE08F691969D /* Pods-BefamilyAppStore.release.xcconfig */;
			buildSettings = {
				ASSETCATALOG_COMPILER_APPICON_NAME = AppIcon;
				ASSETCATALOG_COMPILER_GLOBAL_ACCENT_COLOR_NAME = AccentColor;
				CODE_SIGN_STYLE = Automatic;
				CURRENT_PROJECT_VERSION = 1;
				DEVELOPMENT_TEAM = Q646ABLXY6;
				GENERATE_INFOPLIST_FILE = YES;
				INFOPLIST_FILE = BefamilyAppStore/Info.plist;
				INFOPLIST_KEY_UIApplicationSupportsIndirectInputEvents = YES;
				INFOPLIST_KEY_UILaunchStoryboardName = LaunchScreen;
				INFOPLIST_KEY_UISupportedInterfaceOrientations_iPad = "UIInterfaceOrientationPortrait UIInterfaceOrientationPortraitUpsideDown UIInterfaceOrientationLandscapeLeft UIInterfaceOrientationLandscapeRight";
				INFOPLIST_KEY_UISupportedInterfaceOrientations_iPhone = "UIInterfaceOrientationPortrait UIInterfaceOrientationLandscapeLeft UIInterfaceOrientationLandscapeRight";
				LD_RUNPATH_SEARCH_PATHS = (
					"$(inherited)",
					"@executable_path/Frameworks",
				);
				MARKETING_VERSION = 1.0;
				PRODUCT_BUNDLE_IDENTIFIER = com.befamily.juntaek.BefamilyAppStore;
				PRODUCT_NAME = "$(TARGET_NAME)";
				SWIFT_EMIT_LOC_STRINGS = YES;
				SWIFT_VERSION = 5.0;
				TARGETED_DEVICE_FAMILY = "1,2";
			};
			name = Release;
		};
/* End XCBuildConfiguration section */

/* Begin XCConfigurationList section */
		D27E6672289E351300C2FDB4 /* Build configuration list for PBXProject "BefamilyAppStore" */ = {
			isa = XCConfigurationList;
			buildConfigurations = (
				D27E6689289E351300C2FDB4 /* Debug */,
				D27E668A289E351300C2FDB4 /* Release */,
			);
			defaultConfigurationIsVisible = 0;
			defaultConfigurationName = Release;
		};
		D27E668B289E351300C2FDB4 /* Build configuration list for PBXNativeTarget "BefamilyAppStore" */ = {
			isa = XCConfigurationList;
			buildConfigurations = (
				D27E668C289E351300C2FDB4 /* Debug */,
				D27E668D289E351300C2FDB4 /* Release */,
			);
			defaultConfigurationIsVisible = 0;
			defaultConfigurationName = Release;
		};
/* End XCConfigurationList section */
	};
	rootObject = D27E666F289E351300C2FDB4 /* Project object */;
}
